
Microsoft Visual Studio Solution File, Format Version 12.00
# Visual Studio Version 16
VisualStudioVersion = 16.0.29319.158
MinimumVisualStudioVersion = 10.0.40219.1
Project("{FAE04EC0-301F-11D3-BF4B-00C04F79EFBC}") = "HttpClientFactoryService", "HttpClientFactoryService\HttpClientFactoryService.csproj", "{66942635-8674-4A3C-8A7B-0E08510208BC}"
EndProject
Project("{FAE04EC0-301F-11D3-BF4B-00C04F79EFBC}") = "HttpClientFactoryService2", "HttpClientFactoryService2\HttpClientFactoryService2.csproj", "{4F61A00F-96E0-4B4A-B2EA-04CE231E7CD0}"
EndProject
Global
	GlobalSection(SolutionConfigurationPlatforms) = preSolution
		Debug|Any CPU = Debug|Any CPU
		Release|Any CPU = Release|Any CPU
	EndGlobalSection
	GlobalSection(ProjectConfigurationPlatforms) = postSolution
		{66942635-8674-4A3C-8A7B-0E08510208BC}.Debug|Any CPU.ActiveCfg = Debug|Any CPU
		{66942635-8674-4A3C-8A7B-0E08510208BC}.Debug|Any CPU.Build.0 = Debug|Any CPU
		{66942635-8674-4A3C-8A7B-0E08510208BC}.Release|Any CPU.ActiveCfg = Release|Any CPU
		{66942635-8674-4A3C-8A7B-0E08510208BC}.Release|Any CPU.Build.0 = Release|Any CPU
		{4F61A00F-96E0-4B4A-B2EA-04CE231E7CD0}.Debug|Any CPU.ActiveCfg = Debug|Any CPU
		{4F61A00F-96E0-4B4A-B2EA-04CE231E7CD0}.Debug|Any CPU.Build.0 = Debug|Any CPU
		{4F61A00F-96E0-4B4A-B2EA-04CE231E7CD0}.Release|Any CPU.ActiveCfg = Release|Any CPU
		{4F61A00F-96E0-4B4A-B2EA-04CE231E7CD0}.Release|Any CPU.Build.0 = Release|Any CPU
	EndGlobalSection
	GlobalSection(SolutionProperties) = preSolution
		HideSolutionNode = FALSE
	EndGlobalSection
	GlobalSection(ExtensibilityGlobals) = postSolution
		SolutionGuid = {6BF08103-9341-4DFC-AD29-5EA174EE447B}
	EndGlobalSection
EndGlobal
